// !$*UTF8*$!
{
	archiveVersion = 1;
	classes = {
	};
	objectVersion = 50;
	objects = {

/* Begin PBXBuildFile section */
		89B63DF520F6884600E221C1 /* LocationDetails.swift in Sources */ = {isa = PBXBuildFile; fileRef = 89B63DF420F6884600E221C1 /* LocationDetails.swift */; };
		89E3D98320F6546000F1E94D /* AppDelegate.swift in Sources */ = {isa = PBXBuildFile; fileRef = 89E3D98220F6546000F1E94D /* AppDelegate.swift */; };
		89E3D98520F6546000F1E94D /* ViewController.swift in Sources */ = {isa = PBXBuildFile; fileRef = 89E3D98420F6546000F1E94D /* ViewController.swift */; };
		89E3D98820F6546000F1E94D /* Main.storyboard in Resources */ = {isa = PBXBuildFile; fileRef = 89E3D98620F6546000F1E94D /* Main.storyboard */; };
		89E3D98A20F6546100F1E94D /* Assets.xcassets in Resources */ = {isa = PBXBuildFile; fileRef = 89E3D98920F6546100F1E94D /* Assets.xcassets */; };
		89E3D98D20F6546100F1E94D /* LaunchScreen.storyboard in Resources */ = {isa = PBXBuildFile; fileRef = 89E3D98B20F6546100F1E94D /* LaunchScreen.storyboard */; };
		89E3D99820F6546200F1E94D /* Mobile_MapperTests.swift in Sources */ = {isa = PBXBuildFile; fileRef = 89E3D99720F6546200F1E94D /* Mobile_MapperTests.swift */; };
		89E3D9A320F6546200F1E94D /* Mobile_MapperUITests.swift in Sources */ = {isa = PBXBuildFile; fileRef = 89E3D9A220F6546200F1E94D /* Mobile_MapperUITests.swift */; };
/* End PBXBuildFile section */

/* Begin PBXContainerItemProxy section */
		89E3D99420F6546200F1E94D /* PBXContainerItemProxy */ = {
			isa = PBXContainerItemProxy;
			containerPortal = 89E3D97720F6546000F1E94D /* Project object */;
			proxyType = 1;
			remoteGlobalIDString = 89E3D97E20F6546000F1E94D;
			remoteInfo = "Mobile Mapper";
		};
		89E3D99F20F6546200F1E94D /* PBXContainerItemProxy */ = {
			isa = PBXContainerItemProxy;
			containerPortal = 89E3D97720F6546000F1E94D /* Project object */;
			proxyType = 1;
			remoteGlobalIDString = 89E3D97E20F6546000F1E94D;
			remoteInfo = "Mobile Mapper";
		};
/* End PBXContainerItemProxy section */

/* Begin PBXFileReference section */
		89B63DF420F6884600E221C1 /* LocationDetails.swift */ = {isa = PBXFileReference; lastKnownFileType = sourcecode.swift; path = LocationDetails.swift; sourceTree = "<group>"; };
		89E3D97F20F6546000F1E94D /* Mobile Mapper.app */ = {isa = PBXFileReference; explicitFileType = wrapper.application; includeInIndex = 0; path = "Mobile Mapper.app"; sourceTree = BUILT_PRODUCTS_DIR; };
		89E3D98220F6546000F1E94D /* AppDelegate.swift */ = {isa = PBXFileReference; lastKnownFileType = sourcecode.swift; path = AppDelegate.swift; sourceTree = "<group>"; };
		89E3D98420F6546000F1E94D /* ViewController.swift */ = {isa = PBXFileReference; lastKnownFileType = sourcecode.swift; path = ViewController.swift; sourceTree = "<group>"; };
		89E3D98720F6546000F1E94D /* Base */ = {isa = PBXFileReference; lastKnownFileType = file.storyboard; name = Base; path = Base.lproj/Main.storyboard; sourceTree = "<group>"; };
		89E3D98920F6546100F1E94D /* Assets.xcassets */ = {isa = PBXFileReference; lastKnownFileType = folder.assetcatalog; path = Assets.xcassets; sourceTree = "<group>"; };
		89E3D98C20F6546100F1E94D /* Base */ = {isa = PBXFileReference; lastKnownFileType = file.storyboard; name = Base; path = Base.lproj/LaunchScreen.storyboard; sourceTree = "<group>"; };
		89E3D98E20F6546100F1E94D /* Info.plist */ = {isa = PBXFileReference; lastKnownFileType = text.plist.xml; path = Info.plist; sourceTree = "<group>"; };
		89E3D99320F6546200F1E94D /* Mobile MapperTests.xctest */ = {isa = PBXFileReference; explicitFileType = wrapper.cfbundle; includeInIndex = 0; path = "Mobile MapperTests.xctest"; sourceTree = BUILT_PRODUCTS_DIR; };
		89E3D99720F6546200F1E94D /* Mobile_MapperTests.swift */ = {isa = PBXFileReference; lastKnownFileType = sourcecode.swift; path = Mobile_MapperTests.swift; sourceTree = "<group>"; };
		89E3D99920F6546200F1E94D /* Info.plist */ = {isa = PBXFileReference; lastKnownFileType = text.plist.xml; path = Info.plist; sourceTree = "<group>"; };
		89E3D99E20F6546200F1E94D /* Mobile MapperUITests.xctest */ = {isa = PBXFileReference; explicitFileType = wrapper.cfbundle; includeInIndex = 0; path = "Mobile MapperUITests.xctest"; sourceTree = BUILT_PRODUCTS_DIR; };
		89E3D9A220F6546200F1E94D /* Mobile_MapperUITests.swift */ = {isa = PBXFileReference; lastKnownFileType = sourcecode.swift; path = Mobile_MapperUITests.swift; sourceTree = "<group>"; };
		89E3D9A420F6546200F1E94D /* Info.plist */ = {isa = PBXFileReference; lastKnownFileType = text.plist.xml; path = Info.plist; sourceTree = "<group>"; };
/* End PBXFileReference section */

/* Begin PBXFrameworksBuildPhase section */
		89E3D97C20F6546000F1E94D /* Frameworks */ = {
			isa = PBXFrameworksBuildPhase;
			buildActionMask = 2147483647;
			files = (
			);
			runOnlyForDeploymentPostprocessing = 0;
		};
		89E3D99020F6546200F1E94D /* Frameworks */ = {
			isa = PBXFrameworksBuildPhase;
			buildActionMask = 2147483647;
			files = (
			);
			runOnlyForDeploymentPostprocessing = 0;
		};
		89E3D99B20F6546200F1E94D /* Frameworks */ = {
			isa = PBXFrameworksBuildPhase;
			buildActionMask = 2147483647;
			files = (
			);
			runOnlyForDeploymentPostprocessing = 0;
		};
/* End PBXFrameworksBuildPhase section */

/* Begin PBXGroup section */
		89E3D97620F6546000F1E94D = {
			isa = PBXGroup;
			children = (
				89E3D98120F6546000F1E94D /* Mobile Mapper */,
				89E3D99620F6546200F1E94D /* Mobile MapperTests */,
				89E3D9A120F6546200F1E94D /* Mobile MapperUITests */,
				89E3D98020F6546000F1E94D /* Products */,
			);
			sourceTree = "<group>";
		};
		89E3D98020F6546000F1E94D /* Products */ = {
			isa = PBXGroup;
			children = (
				89E3D97F20F6546000F1E94D /* Mobile Mapper.app */,
				89E3D99320F6546200F1E94D /* Mobile MapperTests.xctest */,
				89E3D99E20F6546200F1E94D /* Mobile MapperUITests.xctest */,
			);
			name = Products;
			sourceTree = "<group>";
		};
		89E3D98120F6546000F1E94D /* Mobile Mapper */ = {
			isa = PBXGroup;
			children = (
				89E3D98220F6546000F1E94D /* AppDelegate.swift */,
				89E3D98420F6546000F1E94D /* ViewController.swift */,
				89B63DF420F6884600E221C1 /* LocationDetails.swift */,
				89E3D98620F6546000F1E94D /* Main.storyboard */,
				89E3D98920F6546100F1E94D /* Assets.xcassets */,
				89E3D98B20F6546100F1E94D /* LaunchScreen.storyboard */,
				89E3D98E20F6546100F1E94D /* Info.plist */,
			);
			path = "Mobile Mapper";
			sourceTree = "<group>";
		};
		89E3D99620F6546200F1E94D /* Mobile MapperTests */ = {
			isa = PBXGroup;
			children = (
				89E3D99720F6546200F1E94D /* Mobile_MapperTests.swift */,
				89E3D99920F6546200F1E94D /* Info.plist */,
			);
			path = "Mobile MapperTests";
			sourceTree = "<group>";
		};
		89E3D9A120F6546200F1E94D /* Mobile MapperUITests */ = {
			isa = PBXGroup;
			children = (
				89E3D9A220F6546200F1E94D /* Mobile_MapperUITests.swift */,
				89E3D9A420F6546200F1E94D /* Info.plist */,
			);
			path = "Mobile MapperUITests";
			sourceTree = "<group>";
		};
/* End PBXGroup section */

/* Begin PBXNativeTarget section */
		89E3D97E20F6546000F1E94D /* Mobile Mapper */ = {
			isa = PBXNativeTarget;
			buildConfigurationList = 89E3D9A720F6546200F1E94D /* Build configuration list for PBXNativeTarget "Mobile Mapper" */;
			buildPhases = (
				89E3D97B20F6546000F1E94D /* Sources */,
				89E3D97C20F6546000F1E94D /* Frameworks */,
				89E3D97D20F6546000F1E94D /* Resources */,
			);
			buildRules = (
			);
			dependencies = (
			);
			name = "Mobile Mapper";
			productName = "Mobile Mapper";
			productReference = 89E3D97F20F6546000F1E94D /* Mobile Mapper.app */;
			productType = "com.apple.product-type.application";
		};
		89E3D99220F6546200F1E94D /* Mobile MapperTests */ = {
			isa = PBXNativeTarget;
			buildConfigurationList = 89E3D9AA20F6546200F1E94D /* Build configuration list for PBXNativeTarget "Mobile MapperTests" */;
			buildPhases = (
				89E3D98F20F6546200F1E94D /* Sources */,
				89E3D99020F6546200F1E94D /* Frameworks */,
				89E3D99120F6546200F1E94D /* Resources */,
			);
			buildRules = (
			);
			dependencies = (
				89E3D99520F6546200F1E94D /* PBXTargetDependency */,
			);
			name = "Mobile MapperTests";
			productName = "Mobile MapperTests";
			productReference = 89E3D99320F6546200F1E94D /* Mobile MapperTests.xctest */;
			productType = "com.apple.product-type.bundle.unit-test";
		};
		89E3D99D20F6546200F1E94D /* Mobile MapperUITests */ = {
			isa = PBXNativeTarget;
			buildConfigurationList = 89E3D9AD20F6546200F1E94D /* Build configuration list for PBXNativeTarget "Mobile MapperUITests" */;
			buildPhases = (
				89E3D99A20F6546200F1E94D /* Sources */,
				89E3D99B20F6546200F1E94D /* Frameworks */,
				89E3D99C20F6546200F1E94D /* Resources */,
			);
			buildRules = (
			);
			dependencies = (
				89E3D9A020F6546200F1E94D /* PBXTargetDependency */,
			);
			name = "Mobile MapperUITests";
			productName = "Mobile MapperUITests";
			productReference = 89E3D99E20F6546200F1E94D /* Mobile MapperUITests.xctest */;
			productType = "com.apple.product-type.bundle.ui-testing";
		};
/* End PBXNativeTarget section */

/* Begin PBXProject section */
		89E3D97720F6546000F1E94D /* Project object */ = {
			isa = PBXProject;
			attributes = {
				LastSwiftUpdateCheck = 0940;
				LastUpgradeCheck = 0940;
				ORGANIZATIONNAME = "Aslan Lee";
				TargetAttributes = {
					89E3D97E20F6546000F1E94D = {
						CreatedOnToolsVersion = 9.4.1;
					};
					89E3D99220F6546200F1E94D = {
						CreatedOnToolsVersion = 9.4.1;
						TestTargetID = 89E3D97E20F6546000F1E94D;
					};
					89E3D99D20F6546200F1E94D = {
						CreatedOnToolsVersion = 9.4.1;
						TestTargetID = 89E3D97E20F6546000F1E94D;
					};
				};
			};
			buildConfigurationList = 89E3D97A20F6546000F1E94D /* Build configuration list for PBXProject "Mobile Mapper" */;
			compatibilityVersion = "Xcode 9.3";
			developmentRegion = en;
			hasScannedForEncodings = 0;
			knownRegions = (
				en,
				Base,
			);
			mainGroup = 89E3D97620F6546000F1E94D;
			productRefGroup = 89E3D98020F6546000F1E94D /* Products */;
			projectDirPath = "";
			projectRoot = "";
			targets = (
				89E3D97E20F6546000F1E94D /* Mobile Mapper */,
				89E3D99220F6546200F1E94D /* Mobile MapperTests */,
				89E3D99D20F6546200F1E94D /* Mobile MapperUITests */,
			);
		};
/* End PBXProject section */

/* Begin PBXResourcesBuildPhase section */
		89E3D97D20F6546000F1E94D /* Resources */ = {
			isa = PBXResourcesBuildPhase;
			buildActionMask = 2147483647;
			files = (
				89E3D98D20F6546100F1E94D /* LaunchScreen.storyboard in Resources */,
				89E3D98A20F6546100F1E94D /* Assets.xcassets in Resources */,
				89E3D98820F6546000F1E94D /* Main.storyboard in Resources */,
			);
			runOnlyForDeploymentPostprocessing = 0;
		};
		89E3D99120F6546200F1E94D /* Resources */ = {
			isa = PBXResourcesBuildPhase;
			buildActionMask = 2147483647;
			files = (
			);
			runOnlyForDeploymentPostprocessing = 0;
		};
		89E3D99C20F6546200F1E94D /* Resources */ = {
			isa = PBXResourcesBuildPhase;
			buildActionMask = 2147483647;
			files = (
			);
			runOnlyForDeploymentPostprocessing = 0;
		};
/* End PBXResourcesBuildPhase section */

/* Begin PBXSourcesBuildPhase section */
		89E3D97B20F6546000F1E94D /* Sources */ = {
			isa = PBXSourcesBuildPhase;
			buildActionMask = 2147483647;
			files = (
				89B63DF520F6884600E221C1 /* LocationDetails.swift in Sources */,
				89E3D98520F6546000F1E94D /* ViewController.swift in Sources */,
				89E3D98320F6546000F1E94D /* AppDelegate.swift in Sources */,
			);
			runOnlyForDeploymentPostprocessing = 0;
		};
		89E3D98F20F6546200F1E94D /* Sources */ = {
			isa = PBXSourcesBuildPhase;
			buildActionMask = 2147483647;
			files = (
				89E3D99820F6546200F1E94D /* Mobile_MapperTests.swift in Sources */,
			);
			runOnlyForDeploymentPostprocessing = 0;
		};
		89E3D99A20F6546200F1E94D /* Sources */ = {
			isa = PBXSourcesBuildPhase;
			buildActionMask = 2147483647;
			files = (
				89E3D9A320F6546200F1E94D /* Mobile_MapperUITests.swift in Sources */,
			);
			runOnlyForDeploymentPostprocessing = 0;
		};
/* End PBXSourcesBuildPhase section */

/* Begin PBXTargetDependency section */
		89E3D99520F6546200F1E94D /* PBXTargetDependency */ = {
			isa = PBXTargetDependency;
			target = 89E3D97E20F6546000F1E94D /* Mobile Mapper */;
			targetProxy = 89E3D99420F6546200F1E94D /* PBXContainerItemProxy */;
		};
		89E3D9A020F6546200F1E94D /* PBXTargetDependency */ = {
			isa = PBXTargetDependency;
			target = 89E3D97E20F6546000F1E94D /* Mobile Mapper */;
			targetProxy = 89E3D99F20F6546200F1E94D /* PBXContainerItemProxy */;
		};
/* End PBXTargetDependency section */

/* Begin PBXVariantGroup section */
		89E3D98620F6546000F1E94D /* Main.storyboard */ = {
			isa = PBXVariantGroup;
			children = (
				89E3D98720F6546000F1E94D /* Base */,
			);
			name = Main.storyboard;
			sourceTree = "<group>";
		};
		89E3D98B20F6546100F1E94D /* LaunchScreen.storyboard */ = {
			isa = PBXVariantGroup;
			children = (
				89E3D98C20F6546100F1E94D /* Base */,
			);
			name = LaunchScreen.storyboard;
			sourceTree = "<group>";
		};
/* End PBXVariantGroup section */

/* Begin XCBuildConfiguration section */
		89E3D9A520F6546200F1E94D /* Debug */ = {
			isa = XCBuildConfiguration;
			buildSettings = {
				ALWAYS_SEARCH_USER_PATHS = NO;
				CLANG_ANALYZER_NONNULL = YES;
				CLANG_ANALYZER_NUMBER_OBJECT_CONVERSION = YES_AGGRESSIVE;
				CLANG_CXX_LANGUAGE_STANDARD = "gnu++14";
				CLANG_CXX_LIBRARY = "libc++";
				CLANG_ENABLE_MODULES = YES;
				CLANG_ENABLE_OBJC_ARC = YES;
				CLANG_ENABLE_OBJC_WEAK = YES;
				CLANG_WARN_BLOCK_CAPTURE_AUTORELEASING = YES;
				CLANG_WARN_BOOL_CONVERSION = YES;
				CLANG_WARN_COMMA = YES;
				CLANG_WARN_CONSTANT_CONVERSION = YES;
				CLANG_WARN_DEPRECATED_OBJC_IMPLEMENTATIONS = YES;
				CLANG_WARN_DIRECT_OBJC_ISA_USAGE = YES_ERROR;
				CLANG_WARN_DOCUMENTATION_COMMENTS = YES;
				CLANG_WARN_EMPTY_BODY = YES;
				CLANG_WARN_ENUM_CONVERSION = YES;
				CLANG_WARN_INFINITE_RECURSION = YES;
				CLANG_WARN_INT_CONVERSION = YES;
				CLANG_WARN_NON_LITERAL_NULL_CONVERSION = YES;
				CLANG_WARN_OBJC_IMPLICIT_RETAIN_SELF = YES;
				CLANG_WARN_OBJC_LITERAL_CONVERSION = YES;
				CLANG_WARN_OBJC_ROOT_CLASS = YES_ERROR;
				CLANG_WARN_RANGE_LOOP_ANALYSIS = YES;
				CLANG_WARN_STRICT_PROTOTYPES = YES;
				CLANG_WARN_SUSPICIOUS_MOVE = YES;
				CLANG_WARN_UNGUARDED_AVAILABILITY = YES_AGGRESSIVE;
				CLANG_WARN_UNREACHABLE_CODE = YES;
				CLANG_WARN__DUPLICATE_METHOD_MATCH = YES;
				CODE_SIGN_IDENTITY = "iPhone Developer";
				COPY_PHASE_STRIP = NO;
				DEBUG_INFORMATION_FORMAT = dwarf;
				ENABLE_STRICT_OBJC_MSGSEND = YES;
				ENABLE_TESTABILITY = YES;
				GCC_C_LANGUAGE_STANDARD = gnu11;
				GCC_DYNAMIC_NO_PIC = NO;
				GCC_NO_COMMON_BLOCKS = YES;
				GCC_OPTIMIZATION_LEVEL = 0;
				GCC_PREPROCESSOR_DEFINITIONS = (
					"DEBUG=1",
					"$(inherited)",
				);
				GCC_WARN_64_TO_32_BIT_CONVERSION = YES;
				GCC_WARN_ABOUT_RETURN_TYPE = YES_ERROR;
				GCC_WARN_UNDECLARED_SELECTOR = YES;
				GCC_WARN_UNINITIALIZED_AUTOS = YES_AGGRESSIVE;
				GCC_WARN_UNUSED_FUNCTION = YES;
				GCC_WARN_UNUSED_VARIABLE = YES;
				IPHONEOS_DEPLOYMENT_TARGET = 11.4;
				MTL_ENABLE_DEBUG_INFO = YES;
				ONLY_ACTIVE_ARCH = YES;
				SDKROOT = iphoneos;
				SWIFT_ACTIVE_COMPILATION_CONDITIONS = DEBUG;
				SWIFT_OPTIMIZATION_LEVEL = "-Onone";
			};
			name = Debug;
		};
		89E3D9A620F6546200F1E94D /* Release */ = {
			isa = XCBuildConfiguration;
			buildSettings = {
				ALWAYS_SEARCH_USER_PATHS = NO;
				CLANG_ANALYZER_NONNULL = YES;
				CLANG_ANALYZER_NUMBER_OBJECT_CONVERSION = YES_AGGRESSIVE;
				CLANG_CXX_LANGUAGE_STANDARD = "gnu++14";
				CLANG_CXX_LIBRARY = "libc++";
				CLANG_ENABLE_MODULES = YES;
				CLANG_ENABLE_OBJC_ARC = YES;
				CLANG_ENABLE_OBJC_WEAK = YES;
				CLANG_WARN_BLOCK_CAPTURE_AUTORELEASING = YES;
				CLANG_WARN_BOOL_CONVERSION = YES;
				CLANG_WARN_COMMA = YES;
				CLANG_WARN_CONSTANT_CONVERSION = YES;
				CLANG_WARN_DEPRECATED_OBJC_IMPLEMENTATIONS = YES;
				CLANG_WARN_DIRECT_OBJC_ISA_USAGE = YES_ERROR;
				CLANG_WARN_DOCUMENTATION_COMMENTS = YES;
				CLANG_WARN_EMPTY_BODY = YES;
				CLANG_WARN_ENUM_CONVERSION = YES;
				CLANG_WARN_INFINITE_RECURSION = YES;
				CLANG_WARN_INT_CONVERSION = YES;
				CLANG_WARN_NON_LITERAL_NULL_CONVERSION = YES;
				CLANG_WARN_OBJC_IMPLICIT_RETAIN_SELF = YES;
				CLANG_WARN_OBJC_LITERAL_CONVERSION = YES;
				CLANG_WARN_OBJC_ROOT_CLASS = YES_ERROR;
				CLANG_WARN_RANGE_LOOP_ANALYSIS = YES;
				CLANG_WARN_STRICT_PROTOTYPES = YES;
				CLANG_WARN_SUSPICIOUS_MOVE = YES;
				CLANG_WARN_UNGUARDED_AVAILABILITY = YES_AGGRESSIVE;
				CLANG_WARN_UNREACHABLE_CODE = YES;
				CLANG_WARN__DUPLICATE_METHOD_MATCH = YES;
				CODE_SIGN_IDENTITY = "iPhone Developer";
				COPY_PHASE_STRIP = NO;
				DEBUG_INFORMATION_FORMAT = "dwarf-with-dsym";
				ENABLE_NS_ASSERTIONS = NO;
				ENABLE_STRICT_OBJC_MSGSEND = YES;
				GCC_C_LANGUAGE_STANDARD = gnu11;
				GCC_NO_COMMON_BLOCKS = YES;
				GCC_WARN_64_TO_32_BIT_CONVERSION = YES;
				GCC_WARN_ABOUT_RETURN_TYPE = YES_ERROR;
				GCC_WARN_UNDECLARED_SELECTOR = YES;
				GCC_WARN_UNINITIALIZED_AUTOS = YES_AGGRESSIVE;
				GCC_WARN_UNUSED_FUNCTION = YES;
				GCC_WARN_UNUSED_VARIABLE = YES;
				IPHONEOS_DEPLOYMENT_TARGET = 11.4;
				MTL_ENABLE_DEBUG_INFO = NO;
				SDKROOT = iphoneos;
				SWIFT_COMPILATION_MODE = wholemodule;
				SWIFT_OPTIMIZATION_LEVEL = "-O";
				VALIDATE_PRODUCT = YES;
			};
			name = Release;
		};
		89E3D9A820F6546200F1E94D /* Debug */ = {
			isa = XCBuildConfiguration;
			buildSettings = {
				ASSETCATALOG_COMPILER_APPICON_NAME = AppIcon;
				CODE_SIGN_STYLE = Automatic;
				DEVELOPMENT_TEAM = VA35W59BV9;
				INFOPLIST_FILE = "Mobile Mapper/Info.plist";
				LD_RUNPATH_SEARCH_PATHS = (
					"$(inherited)",
					"@executable_path/Frameworks",
				);
				PRODUCT_BUNDLE_IDENTIFIER = "Aslan-Lee.Mobile-Mapper";
				PRODUCT_NAME = "$(TARGET_NAME)";
				SWIFT_VERSION = 4.0;
				TARGETED_DEVICE_FAMILY = "1,2";
			};
			name = Debug;
		};
		89E3D9A920F6546200F1E94D /* Release */ = {
			isa = XCBuildConfiguration;
			buildSettings = {
				ASSETCATALOG_COMPILER_APPICON_NAME = AppIcon;
				CODE_SIGN_STYLE = Automatic;
				DEVELOPMENT_TEAM = VA35W59BV9;
				INFOPLIST_FILE = "Mobile Mapper/Info.plist";
				LD_RUNPATH_SEARCH_PATHS = (
					"$(inherited)",
					"@executable_path/Frameworks",
				);
				PRODUCT_BUNDLE_IDENTIFIER = "Aslan-Lee.Mobile-Mapper";
				PRODUCT_NAME = "$(TARGET_NAME)";
				SWIFT_VERSION = 4.0;
				TARGETED_DEVICE_FAMILY = "1,2";
			};
			name = Release;
		};
		89E3D9AB20F6546200F1E94D /* Debug */ = {
			isa = XCBuildConfiguration;
			buildSettings = {
				ALWAYS_EMBED_SWIFT_STANDARD_LIBRARIES = YES;
				BUNDLE_LOADER = "$(TEST_HOST)";
				CODE_SIGN_STYLE = Automatic;
				DEVELOPMENT_TEAM = VA35W59BV9;
				INFOPLIST_FILE = "Mobile MapperTests/Info.plist";
				LD_RUNPATH_SEARCH_PATHS = (
					"$(inherited)",
					"@executable_path/Frameworks",
					"@loader_path/Frameworks",
				);
				PRODUCT_BUNDLE_IDENTIFIER = "Aslan-Lee.Mobile-MapperTests";
				PRODUCT_NAME = "$(TARGET_NAME)";
				SWIFT_VERSION = 4.0;
				TARGETED_DEVICE_FAMILY = "1,2";
				TEST_HOST = "$(BUILT_PRODUCTS_DIR)/Mobile Mapper.app/Mobile Mapper";
			};
			name = Debug;
		};
		89E3D9AC20F6546200F1E94D /* Release */ = {
			isa = XCBuildConfiguration;
			buildSettings = {
				ALWAYS_EMBED_SWIFT_STANDARD_LIBRARIES = YES;
				BUNDLE_LOADER = "$(TEST_HOST)";
				CODE_SIGN_STYLE = Automatic;
				DEVELOPMENT_TEAM = VA35W59BV9;
				INFOPLIST_FILE = "Mobile MapperTests/Info.plist";
				LD_RUNPATH_SEARCH_PATHS = (
					"$(inherited)",
					"@executable_path/Frameworks",
					"@loader_path/Frameworks",
				);
				PRODUCT_BUNDLE_IDENTIFIER = "Aslan-Lee.Mobile-MapperTests";
				PRODUCT_NAME = "$(TARGET_NAME)";
				SWIFT_VERSION = 4.0;
				TARGETED_DEVICE_FAMILY = "1,2";
				TEST_HOST = "$(BUILT_PRODUCTS_DIR)/Mobile Mapper.app/Mobile Mapper";
			};
			name = Release;
		};
		89E3D9AE20F6546200F1E94D /* Debug */ = {
			isa = XCBuildConfiguration;
			buildSettings = {
				ALWAYS_EMBED_SWIFT_STANDARD_LIBRARIES = YES;
				CODE_SIGN_STYLE = Automatic;
				DEVELOPMENT_TEAM = VA35W59BV9;
				INFOPLIST_FILE = "Mobile MapperUITests/Info.plist";
				LD_RUNPATH_SEARCH_PATHS = (
					"$(inherited)",
					"@executable_path/Frameworks",
					"@loader_path/Frameworks",
				);
				PRODUCT_BUNDLE_IDENTIFIER = "Aslan-Lee.Mobile-MapperUITests";
				PRODUCT_NAME = "$(TARGET_NAME)";
				SWIFT_VERSION = 4.0;
				TARGETED_DEVICE_FAMILY = "1,2";
				TEST_TARGET_NAME = "Mobile Mapper";
			};
			name = Debug;
		};
		89E3D9AF20F6546200F1E94D /* Release */ = {
			isa = XCBuildConfiguration;
			buildSettings = {
				ALWAYS_EMBED_SWIFT_STANDARD_LIBRARIES = YES;
				CODE_SIGN_STYLE = Automatic;
				DEVELOPMENT_TEAM = VA35W59BV9;
				INFOPLIST_FILE = "Mobile MapperUITests/Info.plist";
				LD_RUNPATH_SEARCH_PATHS = (
					"$(inherited)",
					"@executable_path/Frameworks",
					"@loader_path/Frameworks",
				);
				PRODUCT_BUNDLE_IDENTIFIER = "Aslan-Lee.Mobile-MapperUITests";
				PRODUCT_NAME = "$(TARGET_NAME)";
				SWIFT_VERSION = 4.0;
				TARGETED_DEVICE_FAMILY = "1,2";
				TEST_TARGET_NAME = "Mobile Mapper";
			};
			name = Release;
		};
/* End XCBuildConfiguration section */

/* Begin XCConfigurationList section */
		89E3D97A20F6546000F1E94D /* Build configuration list for PBXProject "Mobile Mapper" */ = {
			isa = XCConfigurationList;
			buildConfigurations = (
				89E3D9A520F6546200F1E94D /* Debug */,
				89E3D9A620F6546200F1E94D /* Release */,
			);
			defaultConfigurationIsVisible = 0;
			defaultConfigurationName = Release;
		};
		89E3D9A720F6546200F1E94D /* Build configuration list for PBXNativeTarget "Mobile Mapper" */ = {
			isa = XCConfigurationList;
			buildConfigurations = (
				89E3D9A820F6546200F1E94D /* Debug */,
				89E3D9A920F6546200F1E94D /* Release */,
			);
			defaultConfigurationIsVisible = 0;
			defaultConfigurationName = Release;
		};
		89E3D9AA20F6546200F1E94D /* Build configuration list for PBXNativeTarget "Mobile MapperTests" */ = {
			isa = XCConfigurationList;
			buildConfigurations = (
				89E3D9AB20F6546200F1E94D /* Debug */,
				89E3D9AC20F6546200F1E94D /* Release */,
			);
			defaultConfigurationIsVisible = 0;
			defaultConfigurationName = Release;
		};
		89E3D9AD20F6546200F1E94D /* Build configuration list for PBXNativeTarget "Mobile MapperUITests" */ = {
			isa = XCConfigurationList;
			buildConfigurations = (
				89E3D9AE20F6546200F1E94D /* Debug */,
				89E3D9AF20F6546200F1E94D /* Release */,
			);
			defaultConfigurationIsVisible = 0;
			defaultConfigurationName = Release;
		};
/* End XCConfigurationList section */
	};
	rootObject = 89E3D97720F6546000F1E94D /* Project object */;
}
